// !$*UTF8*$!
{
	archiveVersion = 1;
	classes = {
	};
	objectVersion = 50;
	objects = {

/* Begin PBXBuildFile section */
		10149C0021DDDD5A00E7B695 /* AudioModel.swift in Sources */ = {isa = PBXBuildFile; fileRef = 10149BFF21DDDD5A00E7B695 /* AudioModel.swift */; };
		102E1B6C21CA473B00D6C25B /* Images.xcassets in Resources */ = {isa = PBXBuildFile; fileRef = 102E1B6B21CA473B00D6C25B /* Images.xcassets */; };
		103E86E2214B4B0100337825 /* Banner.swift in Sources */ = {isa = PBXBuildFile; fileRef = 103E86E1214B4B0100337825 /* Banner.swift */; };
		103E86E4214B4B1600337825 /* BannerViewController.swift in Sources */ = {isa = PBXBuildFile; fileRef = 103E86E3214B4B1600337825 /* BannerViewController.swift */; };
		103E86E6214B5F6800337825 /* Kingfisher.framework in Frameworks */ = {isa = PBXBuildFile; fileRef = 103E86E5214B5F6800337825 /* Kingfisher.framework */; };
		104154B0214A66E500FD793B /* AppDelegate+WindowsViewController.swift in Sources */ = {isa = PBXBuildFile; fileRef = 104154AF214A66E500FD793B /* AppDelegate+WindowsViewController.swift */; };
		104154B4214A677400FD793B /* HomeViewController.swift in Sources */ = {isa = PBXBuildFile; fileRef = 104154B3214A677400FD793B /* HomeViewController.swift */; };
		104154B6214A6A5300FD793B /* Color.swift in Sources */ = {isa = PBXBuildFile; fileRef = 104154B5214A6A5300FD793B /* Color.swift */; };
		104154BB214A6D0F00FD793B /* ContentView.swift in Sources */ = {isa = PBXBuildFile; fileRef = 104154BA214A6D0F00FD793B /* ContentView.swift */; };
		10611D3521D1D5930042070D /* TakeAppVideoController.swift in Sources */ = {isa = PBXBuildFile; fileRef = 10611D3421D1D5930042070D /* TakeAppVideoController.swift */; };
		10611D3721D1D9230042070D /* VideoTopToolView.swift in Sources */ = {isa = PBXBuildFile; fileRef = 10611D3621D1D9230042070D /* VideoTopToolView.swift */; };
		10611D3921D1D93A0042070D /* VideoBottomToolView.swift in Sources */ = {isa = PBXBuildFile; fileRef = 10611D3821D1D93A0042070D /* VideoBottomToolView.swift */; };
		10611D3C21D223FE0042070D /* ToolController.swift in Sources */ = {isa = PBXBuildFile; fileRef = 10611D3B21D223FE0042070D /* ToolController.swift */; };
		106F9C45213CCA7900BADE5F /* PageControl.swift in Sources */ = {isa = PBXBuildFile; fileRef = 106F9C44213CCA7900BADE5F /* PageControl.swift */; };
		106F9C48213CCF0800BADE5F /* LocalAuthentication.framework in Frameworks */ = {isa = PBXBuildFile; fileRef = 106F9C47213CCF0800BADE5F /* LocalAuthentication.framework */; };
		1070F29921E4A21B00FF2821 /* ShortTimeView.swift in Sources */ = {isa = PBXBuildFile; fileRef = 1070F29821E4A21B00FF2821 /* ShortTimeView.swift */; };
		10763FD721D36655002913D3 /* ReplayVideoToolView.swift in Sources */ = {isa = PBXBuildFile; fileRef = 10763FD621D36655002913D3 /* ReplayVideoToolView.swift */; };
		1076459421C8880B0014DD1F /* CacheDataListController.swift in Sources */ = {isa = PBXBuildFile; fileRef = 1076459321C8880B0014DD1F /* CacheDataListController.swift */; };
		1076459721C8D8500014DD1F /* MatchingListController.swift in Sources */ = {isa = PBXBuildFile; fileRef = 1076459621C8D8500014DD1F /* MatchingListController.swift */; };
		1076459921C8D9910014DD1F /* MatchingListCellTableViewCell.swift in Sources */ = {isa = PBXBuildFile; fileRef = 1076459821C8D9910014DD1F /* MatchingListCellTableViewCell.swift */; };
		1076459C21C8DB5F0014DD1F /* PhoneNumber.swift in Sources */ = {isa = PBXBuildFile; fileRef = 1076459B21C8DB5F0014DD1F /* PhoneNumber.swift */; };
		107B631D21C355540059DE64 /* GradientColorViewController.swift in Sources */ = {isa = PBXBuildFile; fileRef = 107B631C21C355540059DE64 /* GradientColorViewController.swift */; };
		107B631F21C356AD0059DE64 /* PublicConstant.swift in Sources */ = {isa = PBXBuildFile; fileRef = 107B631E21C356AD0059DE64 /* PublicConstant.swift */; };
		10825E1521DC50EE00AD507D /* TakeAudioControllerViewController.swift in Sources */ = {isa = PBXBuildFile; fileRef = 10825E1421DC50EE00AD507D /* TakeAudioControllerViewController.swift */; };
		10825E1921DC634000AD507D /* LongPressView.swift in Sources */ = {isa = PBXBuildFile; fileRef = 10825E1821DC634000AD507D /* LongPressView.swift */; };
		10825E1B21DC637E00AD507D /* RemoveAwayView.swift in Sources */ = {isa = PBXBuildFile; fileRef = 10825E1A21DC637E00AD507D /* RemoveAwayView.swift */; };
		10825E2121DCA50300AD507D /* MessageTableViewController.swift in Sources */ = {isa = PBXBuildFile; fileRef = 10825E2021DCA50300AD507D /* MessageTableViewController.swift */; };
		10825E2321DCA52500AD507D /* MessageTableViewCell.swift in Sources */ = {isa = PBXBuildFile; fileRef = 10825E2221DCA52500AD507D /* MessageTableViewCell.swift */; };
		10825E2521DCB70A00AD507D /* AudioView.swift in Sources */ = {isa = PBXBuildFile; fileRef = 10825E2421DCB70A00AD507D /* AudioView.swift */; };
		10952EA72244E0AA008879A5 /* ZFPlayerController.swift in Sources */ = {isa = PBXBuildFile; fileRef = 10952EA62244E0AA008879A5 /* ZFPlayerController.swift */; };
		10952EA92244E51C008879A5 /* ZFPlayer.podspec in Resources */ = {isa = PBXBuildFile; fileRef = 10952EA82244E51B008879A5 /* ZFPlayer.podspec */; };
		10A5D9A421D0E8FB00D8237B /* TakeVedioTypeViewController.swift in Sources */ = {isa = PBXBuildFile; fileRef = 10A5D9A321D0E8FB00D8237B /* TakeVedioTypeViewController.swift */; };
		10B73DD621C73C3B00BE8023 /* UppercaseViewController.swift in Sources */ = {isa = PBXBuildFile; fileRef = 10B73DD521C73C3B00BE8023 /* UppercaseViewController.swift */; };
		10B73DD921C7478400BE8023 /* UppercaseKit.swift in Sources */ = {isa = PBXBuildFile; fileRef = 10B73DD821C7478400BE8023 /* UppercaseKit.swift */; };
		3D47BC92211924750093147F /* AppDelegate.swift in Sources */ = {isa = PBXBuildFile; fileRef = 3D47BC91211924750093147F /* AppDelegate.swift */; };
		3D47BC94211924750093147F /* PageViewController.swift in Sources */ = {isa = PBXBuildFile; fileRef = 3D47BC93211924750093147F /* PageViewController.swift */; };
		3D47BC97211924750093147F /* Main.storyboard in Resources */ = {isa = PBXBuildFile; fileRef = 3D47BC95211924750093147F /* Main.storyboard */; };
		3D47BC99211924760093147F /* Assets.xcassets in Resources */ = {isa = PBXBuildFile; fileRef = 3D47BC98211924760093147F /* Assets.xcassets */; };
		3D47BC9C211924760093147F /* LaunchScreen.storyboard in Resources */ = {isa = PBXBuildFile; fileRef = 3D47BC9A211924760093147F /* LaunchScreen.storyboard */; };
		3D47BCA7211924760093147F /* PageDemoTests.swift in Sources */ = {isa = PBXBuildFile; fileRef = 3D47BCA6211924760093147F /* PageDemoTests.swift */; };
		3D47BCB2211924760093147F /* PageDemoUITests.swift in Sources */ = {isa = PBXBuildFile; fileRef = 3D47BCB1211924760093147F /* PageDemoUITests.swift */; };
		3D47BCC1211924D10093147F /* PageLayer.swift in Sources */ = {isa = PBXBuildFile; fileRef = 3D47BCC0211924D10093147F /* PageLayer.swift */; };
		780DCE59BD24098E428BCF35 /* Pods_PageDemo_PageDemo.framework in Frameworks */ = {isa = PBXBuildFile; fileRef = 0CEB24418747485AE5AF4B6A /* Pods_PageDemo_PageDemo.framework */; };
		92CF01F4B538C6FE8E5BE0C6 /* Pods_PageDemoUITests.framework in Frameworks */ = {isa = PBXBuildFile; fileRef = 232A45BDCC9B0D9600818011 /* Pods_PageDemoUITests.framework */; };
		F513B7A464D1582CF1CF17D0 /* Pods_PageDemoTests.framework in Frameworks */ = {isa = PBXBuildFile; fileRef = A4FD2DF914B9FFF5A8FFA849 /* Pods_PageDemoTests.framework */; };
		F5A22427F816770B7C4859B4 /* Pods_PageDemo.framework in Frameworks */ = {isa = PBXBuildFile; fileRef = 8879297345E11243C8EBA123 /* Pods_PageDemo.framework */; };
/* End PBXBuildFile section */

/* Begin PBXContainerItemProxy section */
		3D47BCA3211924760093147F /* PBXContainerItemProxy */ = {
			isa = PBXContainerItemProxy;
			containerPortal = 3D47BC86211924750093147F /* Project object */;
			proxyType = 1;
			remoteGlobalIDString = 3D47BC8D211924750093147F;
			remoteInfo = PageDemo;
		};
		3D47BCAE211924760093147F /* PBXContainerItemProxy */ = {
			isa = PBXContainerItemProxy;
			containerPortal = 3D47BC86211924750093147F /* Project object */;
			proxyType = 1;
			remoteGlobalIDString = 3D47BC8D211924750093147F;
			remoteInfo = PageDemo;
		};
/* End PBXContainerItemProxy section */

/* Begin PBXFileReference section */
		0366CF6855167E9A8A759570 /* Pods-PageDemoUITests.release.xcconfig */ = {isa = PBXFileReference; includeInIndex = 1; lastKnownFileType = text.xcconfig; name = "Pods-PageDemoUITests.release.xcconfig"; path = "Pods/Target Support Files/Pods-PageDemoUITests/Pods-PageDemoUITests.release.xcconfig"; sourceTree = "<group>"; };
		0CEB24418747485AE5AF4B6A /* Pods_PageDemo_PageDemo.framework */ = {isa = PBXFileReference; explicitFileType = wrapper.framework; includeInIndex = 0; path = Pods_PageDemo_PageDemo.framework; sourceTree = BUILT_PRODUCTS_DIR; };
		10149BFF21DDDD5A00E7B695 /* AudioModel.swift */ = {isa = PBXFileReference; lastKnownFileType = sourcecode.swift; path = AudioModel.swift; sourceTree = "<group>"; };
		102E1B6B21CA473B00D6C25B /* Images.xcassets */ = {isa = PBXFileReference; lastKnownFileType = folder.assetcatalog; path = Images.xcassets; sourceTree = "<group>"; };
		103E86E1214B4B0100337825 /* Banner.swift */ = {isa = PBXFileReference; fileEncoding = 4; lastKnownFileType = sourcecode.swift; path = Banner.swift; sourceTree = "<group>"; };
		103E86E3214B4B1600337825 /* BannerViewController.swift */ = {isa = PBXFileReference; fileEncoding = 4; lastKnownFileType = sourcecode.swift; path = BannerViewController.swift; sourceTree = "<group>"; };
		103E86E5214B5F6800337825 /* Kingfisher.framework */ = {isa = PBXFileReference; explicitFileType = wrapper.framework; path = Kingfisher.framework; sourceTree = BUILT_PRODUCTS_DIR; };
		104154AF214A66E500FD793B /* AppDelegate+WindowsViewController.swift */ = {isa = PBXFileReference; lastKnownFileType = sourcecode.swift; path = "AppDelegate+WindowsViewController.swift"; sourceTree = "<group>"; };
		104154B3214A677400FD793B /* HomeViewController.swift */ = {isa = PBXFileReference; lastKnownFileType = sourcecode.swift; path = HomeViewController.swift; sourceTree = "<group>"; };
		104154B5214A6A5300FD793B /* Color.swift */ = {isa = PBXFileReference; fileEncoding = 4; lastKnownFileType = sourcecode.swift; path = Color.swift; sourceTree = "<group>"; };
		104154BA214A6D0F00FD793B /* ContentView.swift */ = {isa = PBXFileReference; lastKnownFileType = sourcecode.swift; path = ContentView.swift; sourceTree = "<group>"; };
		10611D3421D1D5930042070D /* TakeAppVideoController.swift */ = {isa = PBXFileReference; lastKnownFileType = sourcecode.swift; path = TakeAppVideoController.swift; sourceTree = "<group>"; };
		10611D3621D1D9230042070D /* VideoTopToolView.swift */ = {isa = PBXFileReference; lastKnownFileType = sourcecode.swift; path = VideoTopToolView.swift; sourceTree = "<group>"; };
		10611D3821D1D93A0042070D /* VideoBottomToolView.swift */ = {isa = PBXFileReference; lastKnownFileType = sourcecode.swift; path = VideoBottomToolView.swift; sourceTree = "<group>"; };
		10611D3B21D223FE0042070D /* ToolController.swift */ = {isa = PBXFileReference; lastKnownFileType = sourcecode.swift; path = ToolController.swift; sourceTree = "<group>"; };
		106F9C44213CCA7900BADE5F /* PageControl.swift */ = {isa = PBXFileReference; lastKnownFileType = sourcecode.swift; path = PageControl.swift; sourceTree = "<group>"; };
		106F9C47213CCF0800BADE5F /* LocalAuthentication.framework */ = {isa = PBXFileReference; lastKnownFileType = wrapper.framework; name = LocalAuthentication.framework; path = System/Library/Frameworks/LocalAuthentication.framework; sourceTree = SDKROOT; };
		1070F29821E4A21B00FF2821 /* ShortTimeView.swift */ = {isa = PBXFileReference; lastKnownFileType = sourcecode.swift; path = ShortTimeView.swift; sourceTree = "<group>"; };
		10763FD621D36655002913D3 /* ReplayVideoToolView.swift */ = {isa = PBXFileReference; lastKnownFileType = sourcecode.swift; path = ReplayVideoToolView.swift; sourceTree = "<group>"; };
		1076459321C8880B0014DD1F /* CacheDataListController.swift */ = {isa = PBXFileReference; lastKnownFileType = sourcecode.swift; path = CacheDataListController.swift; sourceTree = "<group>"; };
		1076459621C8D8500014DD1F /* MatchingListController.swift */ = {isa = PBXFileReference; lastKnownFileType = sourcecode.swift; path = MatchingListController.swift; sourceTree = "<group>"; };
		1076459821C8D9910014DD1F /* MatchingListCellTableViewCell.swift */ = {isa = PBXFileReference; lastKnownFileType = sourcecode.swift; path = MatchingListCellTableViewCell.swift; sourceTree = "<group>"; };
		1076459B21C8DB5F0014DD1F /* PhoneNumber.swift */ = {isa = PBXFileReference; lastKnownFileType = sourcecode.swift; path = PhoneNumber.swift; sourceTree = "<group>"; };
		107B631C21C355540059DE64 /* GradientColorViewController.swift */ = {isa = PBXFileReference; lastKnownFileType = sourcecode.swift; path = GradientColorViewController.swift; sourceTree = "<group>"; };
		107B631E21C356AD0059DE64 /* PublicConstant.swift */ = {isa = PBXFileReference; lastKnownFileType = sourcecode.swift; path = PublicConstant.swift; sourceTree = "<group>"; };
		10825E1421DC50EE00AD507D /* TakeAudioControllerViewController.swift */ = {isa = PBXFileReference; lastKnownFileType = sourcecode.swift; path = TakeAudioControllerViewController.swift; sourceTree = "<group>"; };
		10825E1821DC634000AD507D /* LongPressView.swift */ = {isa = PBXFileReference; lastKnownFileType = sourcecode.swift; path = LongPressView.swift; sourceTree = "<group>"; };
		10825E1A21DC637E00AD507D /* RemoveAwayView.swift */ = {isa = PBXFileReference; lastKnownFileType = sourcecode.swift; path = RemoveAwayView.swift; sourceTree = "<group>"; };
		10825E2021DCA50300AD507D /* MessageTableViewController.swift */ = {isa = PBXFileReference; lastKnownFileType = sourcecode.swift; path = MessageTableViewController.swift; sourceTree = "<group>"; };
		10825E2221DCA52500AD507D /* MessageTableViewCell.swift */ = {isa = PBXFileReference; lastKnownFileType = sourcecode.swift; name = MessageTableViewCell.swift; path = /Users/janise/Documents/Demand/XCodeWorkSpace/PageDemo/PageDemo/DemoControllers/TakeAudioDemo/Tools/MessageTableViewCell.swift; sourceTree = "<absolute>"; };
		10825E2421DCB70A00AD507D /* AudioView.swift */ = {isa = PBXFileReference; fileEncoding = 4; lastKnownFileType = sourcecode.swift; path = AudioView.swift; sourceTree = "<group>"; };
		10952EA62244E0AA008879A5 /* ZFPlayerController.swift */ = {isa = PBXFileReference; lastKnownFileType = sourcecode.swift; path = ZFPlayerController.swift; sourceTree = "<group>"; };
		10952EA82244E51B008879A5 /* ZFPlayer.podspec */ = {isa = PBXFileReference; fileEncoding = 4; lastKnownFileType = text; path = ZFPlayer.podspec; sourceTree = "<group>"; };
		10A5D9A321D0E8FB00D8237B /* TakeVedioTypeViewController.swift */ = {isa = PBXFileReference; lastKnownFileType = sourcecode.swift; path = TakeVedioTypeViewController.swift; sourceTree = "<group>"; };
		10B73DD521C73C3B00BE8023 /* UppercaseViewController.swift */ = {isa = PBXFileReference; lastKnownFileType = sourcecode.swift; path = UppercaseViewController.swift; sourceTree = "<group>"; };
		10B73DD821C7478400BE8023 /* UppercaseKit.swift */ = {isa = PBXFileReference; lastKnownFileType = sourcecode.swift; path = UppercaseKit.swift; sourceTree = "<group>"; };
		232A45BDCC9B0D9600818011 /* Pods_PageDemoUITests.framework */ = {isa = PBXFileReference; explicitFileType = wrapper.framework; includeInIndex = 0; path = Pods_PageDemoUITests.framework; sourceTree = BUILT_PRODUCTS_DIR; };
		3D47BC8E211924750093147F /* PageDemo.app */ = {isa = PBXFileReference; explicitFileType = wrapper.application; includeInIndex = 0; path = PageDemo.app; sourceTree = BUILT_PRODUCTS_DIR; };
		3D47BC91211924750093147F /* AppDelegate.swift */ = {isa = PBXFileReference; lastKnownFileType = sourcecode.swift; path = AppDelegate.swift; sourceTree = "<group>"; };
		3D47BC93211924750093147F /* PageViewController.swift */ = {isa = PBXFileReference; lastKnownFileType = sourcecode.swift; path = PageViewController.swift; sourceTree = "<group>"; };
		3D47BC96211924750093147F /* Base */ = {isa = PBXFileReference; lastKnownFileType = file.storyboard; name = Base; path = Base.lproj/Main.storyboard; sourceTree = "<group>"; };
		3D47BC98211924760093147F /* Assets.xcassets */ = {isa = PBXFileReference; lastKnownFileType = folder.assetcatalog; path = Assets.xcassets; sourceTree = "<group>"; };
		3D47BC9B211924760093147F /* Base */ = {isa = PBXFileReference; lastKnownFileType = file.storyboard; name = Base; path = Base.lproj/LaunchScreen.storyboard; sourceTree = "<group>"; };
		3D47BC9D211924760093147F /* Info.plist */ = {isa = PBXFileReference; lastKnownFileType = text.plist.xml; path = Info.plist; sourceTree = "<group>"; };
		3D47BCA2211924760093147F /* PageDemoTests.xctest */ = {isa = PBXFileReference; explicitFileType = wrapper.cfbundle; includeInIndex = 0; path = PageDemoTests.xctest; sourceTree = BUILT_PRODUCTS_DIR; };
		3D47BCA6211924760093147F /* PageDemoTests.swift */ = {isa = PBXFileReference; lastKnownFileType = sourcecode.swift; path = PageDemoTests.swift; sourceTree = "<group>"; };
		3D47BCA8211924760093147F /* Info.plist */ = {isa = PBXFileReference; lastKnownFileType = text.plist.xml; path = Info.plist; sourceTree = "<group>"; };
		3D47BCAD211924760093147F /* PageDemoUITests.xctest */ = {isa = PBXFileReference; explicitFileType = wrapper.cfbundle; includeInIndex = 0; path = PageDemoUITests.xctest; sourceTree = BUILT_PRODUCTS_DIR; };
		3D47BCB1211924760093147F /* PageDemoUITests.swift */ = {isa = PBXFileReference; lastKnownFileType = sourcecode.swift; path = PageDemoUITests.swift; sourceTree = "<group>"; };
		3D47BCB3211924760093147F /* Info.plist */ = {isa = PBXFileReference; lastKnownFileType = text.plist.xml; path = Info.plist; sourceTree = "<group>"; };
		3D47BCC0211924D10093147F /* PageLayer.swift */ = {isa = PBXFileReference; lastKnownFileType = sourcecode.swift; path = PageLayer.swift; sourceTree = "<group>"; };
		49EE90C6EC2E6985C12FA621 /* Pods-PageDemo.debug.xcconfig */ = {isa = PBXFileReference; includeInIndex = 1; lastKnownFileType = text.xcconfig; name = "Pods-PageDemo.debug.xcconfig"; path = "Pods/Target Support Files/Pods-PageDemo/Pods-PageDemo.debug.xcconfig"; sourceTree = "<group>"; };
		4B8C92FA28154202453D9657 /* Pods-PageDemo-PageDemo.debug.xcconfig */ = {isa = PBXFileReference; includeInIndex = 1; lastKnownFileType = text.xcconfig; name = "Pods-PageDemo-PageDemo.debug.xcconfig"; path = "Pods/Target Support Files/Pods-PageDemo-PageDemo/Pods-PageDemo-PageDemo.debug.xcconfig"; sourceTree = "<group>"; };
		55720CE0E8B0D91B4C0E1ABB /* Pods-PageDemoTests.debug.xcconfig */ = {isa = PBXFileReference; includeInIndex = 1; lastKnownFileType = text.xcconfig; name = "Pods-PageDemoTests.debug.xcconfig"; path = "Pods/Target Support Files/Pods-PageDemoTests/Pods-PageDemoTests.debug.xcconfig"; sourceTree = "<group>"; };
		8879297345E11243C8EBA123 /* Pods_PageDemo.framework */ = {isa = PBXFileReference; explicitFileType = wrapper.framework; includeInIndex = 0; path = Pods_PageDemo.framework; sourceTree = BUILT_PRODUCTS_DIR; };
		8DCD43F765A721D700EB1961 /* Pods-PageDemoTests.release.xcconfig */ = {isa = PBXFileReference; includeInIndex = 1; lastKnownFileType = text.xcconfig; name = "Pods-PageDemoTests.release.xcconfig"; path = "Pods/Target Support Files/Pods-PageDemoTests/Pods-PageDemoTests.release.xcconfig"; sourceTree = "<group>"; };
		A4FD2DF914B9FFF5A8FFA849 /* Pods_PageDemoTests.framework */ = {isa = PBXFileReference; explicitFileType = wrapper.framework; includeInIndex = 0; path = Pods_PageDemoTests.framework; sourceTree = BUILT_PRODUCTS_DIR; };
		A5698B753CF97AE2D357A80F /* Pods-PageDemo-PageDemo.release.xcconfig */ = {isa = PBXFileReference; includeInIndex = 1; lastKnownFileType = text.xcconfig; name = "Pods-PageDemo-PageDemo.release.xcconfig"; path = "Pods/Target Support Files/Pods-PageDemo-PageDemo/Pods-PageDemo-PageDemo.release.xcconfig"; sourceTree = "<group>"; };
		EC13113C85A89F82318845E9 /* Pods-PageDemo.release.xcconfig */ = {isa = PBXFileReference; includeInIndex = 1; lastKnownFileType = text.xcconfig; name = "Pods-PageDemo.release.xcconfig"; path = "Pods/Target Support Files/Pods-PageDemo/Pods-PageDemo.release.xcconfig"; sourceTree = "<group>"; };
		FBA75C4D58834A4FCED80D0C /* Pods-PageDemoUITests.debug.xcconfig */ = {isa = PBXFileReference; includeInIndex = 1; lastKnownFileType = text.xcconfig; name = "Pods-PageDemoUITests.debug.xcconfig"; path = "Pods/Target Support Files/Pods-PageDemoUITests/Pods-PageDemoUITests.debug.xcconfig"; sourceTree = "<group>"; };
/* End PBXFileReference section */

/* Begin PBXFrameworksBuildPhase section */
		3D47BC8B211924750093147F /* Frameworks */ = {
			isa = PBXFrameworksBuildPhase;
			buildActionMask = 2147483647;
			files = (
				103E86E6214B5F6800337825 /* Kingfisher.framework in Frameworks */,
				106F9C48213CCF0800BADE5F /* LocalAuthentication.framework in Frameworks */,
				780DCE59BD24098E428BCF35 /* Pods_PageDemo_PageDemo.framework in Frameworks */,
				F5A22427F816770B7C4859B4 /* Pods_PageDemo.framework in Frameworks */,
			);
			runOnlyForDeploymentPostprocessing = 0;
		};
		3D47BC9F211924760093147F /* Frameworks */ = {
			isa = PBXFrameworksBuildPhase;
			buildActionMask = 2147483647;
			files = (
				F513B7A464D1582CF1CF17D0 /* Pods_PageDemoTests.framework in Frameworks */,
			);
			runOnlyForDeploymentPostprocessing = 0;
		};
		3D47BCAA211924760093147F /* Frameworks */ = {
			isa = PBXFrameworksBuildPhase;
			buildActionMask = 2147483647;
			files = (
				92CF01F4B538C6FE8E5BE0C6 /* Pods_PageDemoUITests.framework in Frameworks */,
			);
			runOnlyForDeploymentPostprocessing = 0;
		};
/* End PBXFrameworksBuildPhase section */

/* Begin PBXGroup section */
		103E86DF214B4AD700337825 /* BannerDemo */ = {
			isa = PBXGroup;
			children = (
				103E86E3214B4B1600337825 /* BannerViewController.swift */,
				103E86E0214B4AE800337825 /* Kit */,
			);
			path = BannerDemo;
			sourceTree = "<group>";
		};
		103E86E0214B4AE800337825 /* Kit */ = {
			isa = PBXGroup;
			children = (
				103E86E1214B4B0100337825 /* Banner.swift */,
			);
			path = Kit;
			sourceTree = "<group>";
		};
		104154AE214A668500FD793B /* Kit */ = {
			isa = PBXGroup;
			children = (
				3D47BCC0211924D10093147F /* PageLayer.swift */,
				106F9C44213CCA7900BADE5F /* PageControl.swift */,
			);
			path = Kit;
			sourceTree = "<group>";
		};
		104154B1214A675500FD793B /* Home */ = {
			isa = PBXGroup;
			children = (
				104154B9214A6CE800FD793B /* View */,
				104154B3214A677400FD793B /* HomeViewController.swift */,
			);
			path = Home;
			sourceTree = "<group>";
		};
		104154B2214A675B00FD793B /* Common */ = {
			isa = PBXGroup;
			children = (
				104154B5214A6A5300FD793B /* Color.swift */,
				107B631E21C356AD0059DE64 /* PublicConstant.swift */,
			);
			path = Common;
			sourceTree = "<group>";
		};
		104154B7214A6B2600FD793B /* DemoControllers */ = {
			isa = PBXGroup;
			children = (
				10825E1321DC50A700AD507D /* TakeAudioDemo */,
				10A5D9A221D0E86C00D8237B /* TakeVedioDemo */,
				1076459221C8876E0014DD1F /* DataListDemo */,
				10B73DD421C73C0A00BE8023 /* UppercaseDemo */,
				107B631B21C355070059DE64 /* GradientColorDemo */,
				103E86DF214B4AD700337825 /* BannerDemo */,
				104154B8214A6B6700FD793B /* PageDemo */,
			);
			path = DemoControllers;
			sourceTree = "<group>";
		};
		104154B8214A6B6700FD793B /* PageDemo */ = {
			isa = PBXGroup;
			children = (
				3D47BC93211924750093147F /* PageViewController.swift */,
				104154AE214A668500FD793B /* Kit */,
			);
			path = PageDemo;
			sourceTree = "<group>";
		};
		104154B9214A6CE800FD793B /* View */ = {
			isa = PBXGroup;
			children = (
				104154BA214A6D0F00FD793B /* ContentView.swift */,
			);
			path = View;
			sourceTree = "<group>";
		};
		10611D3321D1D5430042070D /* Kit */ = {
			isa = PBXGroup;
			children = (
				10611D3621D1D9230042070D /* VideoTopToolView.swift */,
				10611D3821D1D93A0042070D /* VideoBottomToolView.swift */,
				10763FD621D36655002913D3 /* ReplayVideoToolView.swift */,
			);
			path = Kit;
			sourceTree = "<group>";
		};
		10611D3A21D223EA0042070D /* Tools */ = {
			isa = PBXGroup;
			children = (
				10611D3B21D223FE0042070D /* ToolController.swift */,
			);
			path = Tools;
			sourceTree = "<group>";
		};
		106F9C46213CCF0800BADE5F /* Frameworks */ = {
			isa = PBXGroup;
			children = (
				103E86E5214B5F6800337825 /* Kingfisher.framework */,
				106F9C47213CCF0800BADE5F /* LocalAuthentication.framework */,
				0CEB24418747485AE5AF4B6A /* Pods_PageDemo_PageDemo.framework */,
				A4FD2DF914B9FFF5A8FFA849 /* Pods_PageDemoTests.framework */,
				232A45BDCC9B0D9600818011 /* Pods_PageDemoUITests.framework */,
				8879297345E11243C8EBA123 /* Pods_PageDemo.framework */,
			);
			name = Frameworks;
			sourceTree = "<group>";
		};
		1076459221C8876E0014DD1F /* DataListDemo */ = {
			isa = PBXGroup;
			children = (
				1076459A21C8D9970014DD1F /* MatchingList */,
				1076459321C8880B0014DD1F /* CacheDataListController.swift */,
			);
			path = DataListDemo;
			sourceTree = "<group>";
		};
		1076459A21C8D9970014DD1F /* MatchingList */ = {
			isa = PBXGroup;
			children = (
				1076459621C8D8500014DD1F /* MatchingListController.swift */,
				1076459821C8D9910014DD1F /* MatchingListCellTableViewCell.swift */,
				1076459B21C8DB5F0014DD1F /* PhoneNumber.swift */,
			);
			path = MatchingList;
			sourceTree = "<group>";
		};
		107B631B21C355070059DE64 /* GradientColorDemo */ = {
			isa = PBXGroup;
			children = (
				107B631C21C355540059DE64 /* GradientColorViewController.swift */,
			);
			path = GradientColorDemo;
			sourceTree = "<group>";
		};
		10825E1321DC50A700AD507D /* TakeAudioDemo */ = {
			isa = PBXGroup;
			children = (
				10825E1721DC5B2F00AD507D /* Tools */,
				10825E1421DC50EE00AD507D /* TakeAudioControllerViewController.swift */,
			);
			path = TakeAudioDemo;
			sourceTree = "<group>";
		};
		10825E1721DC5B2F00AD507D /* Tools */ = {
			isa = PBXGroup;
			children = (
				1070F29821E4A21B00FF2821 /* ShortTimeView.swift */,
				10825E1821DC634000AD507D /* LongPressView.swift */,
				10825E1A21DC637E00AD507D /* RemoveAwayView.swift */,
				10825E2421DCB70A00AD507D /* AudioView.swift */,
				10825E2021DCA50300AD507D /* MessageTableViewController.swift */,
				10825E2221DCA52500AD507D /* MessageTableViewCell.swift */,
				10149BFF21DDDD5A00E7B695 /* AudioModel.swift */,
			);
			path = Tools;
			sourceTree = "<group>";
		};
		10A5D9A221D0E86C00D8237B /* TakeVedioDemo */ = {
			isa = PBXGroup;
			children = (
				10611D3A21D223EA0042070D /* Tools */,
				10611D3321D1D5430042070D /* Kit */,
				10A5D9A321D0E8FB00D8237B /* TakeVedioTypeViewController.swift */,
				10611D3421D1D5930042070D /* TakeAppVideoController.swift */,
				10952EA62244E0AA008879A5 /* ZFPlayerController.swift */,
			);
			path = TakeVedioDemo;
			sourceTree = "<group>";
		};
		10B73DD421C73C0A00BE8023 /* UppercaseDemo */ = {
			isa = PBXGroup;
			children = (
				10B73DD721C7456C00BE8023 /* Kit */,
				10B73DD521C73C3B00BE8023 /* UppercaseViewController.swift */,
			);
			path = UppercaseDemo;
			sourceTree = "<group>";
		};
		10B73DD721C7456C00BE8023 /* Kit */ = {
			isa = PBXGroup;
			children = (
				10B73DD821C7478400BE8023 /* UppercaseKit.swift */,
			);
			path = Kit;
			sourceTree = "<group>";
		};
		20259ED96E70D125A7B7B391 /* Pods */ = {
			isa = PBXGroup;
			children = (
				4B8C92FA28154202453D9657 /* Pods-PageDemo-PageDemo.debug.xcconfig */,
				A5698B753CF97AE2D357A80F /* Pods-PageDemo-PageDemo.release.xcconfig */,
				55720CE0E8B0D91B4C0E1ABB /* Pods-PageDemoTests.debug.xcconfig */,
				8DCD43F765A721D700EB1961 /* Pods-PageDemoTests.release.xcconfig */,
				FBA75C4D58834A4FCED80D0C /* Pods-PageDemoUITests.debug.xcconfig */,
				0366CF6855167E9A8A759570 /* Pods-PageDemoUITests.release.xcconfig */,
				49EE90C6EC2E6985C12FA621 /* Pods-PageDemo.debug.xcconfig */,
				EC13113C85A89F82318845E9 /* Pods-PageDemo.release.xcconfig */,
			);
			name = Pods;
			sourceTree = "<group>";
		};
		3D47BC85211924750093147F = {
			isa = PBXGroup;
			children = (
				3D47BC90211924750093147F /* PageDemo */,
				3D47BCA5211924760093147F /* PageDemoTests */,
				3D47BCB0211924760093147F /* PageDemoUITests */,
				3D47BC8F211924750093147F /* Products */,
				106F9C46213CCF0800BADE5F /* Frameworks */,
				20259ED96E70D125A7B7B391 /* Pods */,
			);
			sourceTree = "<group>";
		};
		3D47BC8F211924750093147F /* Products */ = {
			isa = PBXGroup;
			children = (
				3D47BC8E211924750093147F /* PageDemo.app */,
				3D47BCA2211924760093147F /* PageDemoTests.xctest */,
				3D47BCAD211924760093147F /* PageDemoUITests.xctest */,
			);
			name = Products;
			sourceTree = "<group>";
		};
		3D47BC90211924750093147F /* PageDemo */ = {
			isa = PBXGroup;
			children = (
				10952EA82244E51B008879A5 /* ZFPlayer.podspec */,
				104154B7214A6B2600FD793B /* DemoControllers */,
				104154B2214A675B00FD793B /* Common */,
				104154B1214A675500FD793B /* Home */,
				3D47BCBF211924810093147F /* Tools */,
				3D47BC91211924750093147F /* AppDelegate.swift */,
				104154AF214A66E500FD793B /* AppDelegate+WindowsViewController.swift */,
				3D47BC95211924750093147F /* Main.storyboard */,
				3D47BC98211924760093147F /* Assets.xcassets */,
				3D47BC9A211924760093147F /* LaunchScreen.storyboard */,
				3D47BC9D211924760093147F /* Info.plist */,
				102E1B6B21CA473B00D6C25B /* Images.xcassets */,
			);
			path = PageDemo;
			sourceTree = "<group>";
		};
		3D47BCA5211924760093147F /* PageDemoTests */ = {
			isa = PBXGroup;
			children = (
				3D47BCA6211924760093147F /* PageDemoTests.swift */,
				3D47BCA8211924760093147F /* Info.plist */,
			);
			path = PageDemoTests;
			sourceTree = "<group>";
		};
		3D47BCB0211924760093147F /* PageDemoUITests */ = {
			isa = PBXGroup;
			children = (
				3D47BCB1211924760093147F /* PageDemoUITests.swift */,
				3D47BCB3211924760093147F /* Info.plist */,
			);
			path = PageDemoUITests;
			sourceTree = "<group>";
		};
		3D47BCBF211924810093147F /* Tools */ = {
			isa = PBXGroup;
			children = (
			);
			path = Tools;
			sourceTree = "<group>";
		};
/* End PBXGroup section */

/* Begin PBXNativeTarget section */
		3D47BC8D211924750093147F /* PageDemo */ = {
			isa = PBXNativeTarget;
			buildConfigurationList = 3D47BCB6211924760093147F /* Build configuration list for PBXNativeTarget "PageDemo" */;
			buildPhases = (
				405DA0D33841777062D6140B /* [CP] Check Pods Manifest.lock */,
				3D47BC8A211924750093147F /* Sources */,
				3D47BC8B211924750093147F /* Frameworks */,
				3D47BC8C211924750093147F /* Resources */,
				701D30F9D87A3C3F825F1028 /* [CP] Embed Pods Frameworks */,
			);
			buildRules = (
			);
			dependencies = (
			);
			name = PageDemo;
			productName = PageDemo;
			productReference = 3D47BC8E211924750093147F /* PageDemo.app */;
			productType = "com.apple.product-type.application";
		};
		3D47BCA1211924760093147F /* PageDemoTests */ = {
			isa = PBXNativeTarget;
			buildConfigurationList = 3D47BCB9211924760093147F /* Build configuration list for PBXNativeTarget "PageDemoTests" */;
			buildPhases = (
				FB0DC61CCBD3BA970B43DC5D /* [CP] Check Pods Manifest.lock */,
				3D47BC9E211924760093147F /* Sources */,
				3D47BC9F211924760093147F /* Frameworks */,
				3D47BCA0211924760093147F /* Resources */,
			);
			buildRules = (
			);
			dependencies = (
				3D47BCA4211924760093147F /* PBXTargetDependency */,
			);
			name = PageDemoTests;
			productName = PageDemoTests;
			productReference = 3D47BCA2211924760093147F /* PageDemoTests.xctest */;
			productType = "com.apple.product-type.bundle.unit-test";
		};
		3D47BCAC211924760093147F /* PageDemoUITests */ = {
			isa = PBXNativeTarget;
			buildConfigurationList = 3D47BCBC211924760093147F /* Build configuration list for PBXNativeTarget "PageDemoUITests" */;
			buildPhases = (
				61831BB55515B8A84DC490D9 /* [CP] Check Pods Manifest.lock */,
				3D47BCA9211924760093147F /* Sources */,
				3D47BCAA211924760093147F /* Frameworks */,
				3D47BCAB211924760093147F /* Resources */,
			);
			buildRules = (
			);
			dependencies = (
				3D47BCAF211924760093147F /* PBXTargetDependency */,
			);
			name = PageDemoUITests;
			productName = PageDemoUITests;
			productReference = 3D47BCAD211924760093147F /* PageDemoUITests.xctest */;
			productType = "com.apple.product-type.bundle.ui-testing";
		};
/* End PBXNativeTarget section */

/* Begin PBXProject section */
		3D47BC86211924750093147F /* Project object */ = {
			isa = PBXProject;
			attributes = {
				LastSwiftUpdateCheck = 0940;
				LastUpgradeCheck = 0940;
				ORGANIZATIONNAME = "Janise·Wu";
				TargetAttributes = {
					3D47BC8D211924750093147F = {
						CreatedOnToolsVersion = 9.4.1;
					};
					3D47BCA1211924760093147F = {
						CreatedOnToolsVersion = 9.4.1;
						TestTargetID = 3D47BC8D211924750093147F;
					};
					3D47BCAC211924760093147F = {
						CreatedOnToolsVersion = 9.4.1;
						TestTargetID = 3D47BC8D211924750093147F;
					};
				};
			};
			buildConfigurationList = 3D47BC89211924750093147F /* Build configuration list for PBXProject "PageDemo" */;
			compatibilityVersion = "Xcode 9.3";
			developmentRegion = en;
			hasScannedForEncodings = 0;
			knownRegions = (
				en,
				Base,
			);
			mainGroup = 3D47BC85211924750093147F;
			productRefGroup = 3D47BC8F211924750093147F /* Products */;
			projectDirPath = "";
			projectRoot = "";
			targets = (
				3D47BC8D211924750093147F /* PageDemo */,
				3D47BCA1211924760093147F /* PageDemoTests */,
				3D47BCAC211924760093147F /* PageDemoUITests */,
			);
		};
/* End PBXProject section */

/* Begin PBXResourcesBuildPhase section */
		3D47BC8C211924750093147F /* Resources */ = {
			isa = PBXResourcesBuildPhase;
			buildActionMask = 2147483647;
			files = (
				3D47BC9C211924760093147F /* LaunchScreen.storyboard in Resources */,
				10952EA92244E51C008879A5 /* ZFPlayer.podspec in Resources */,
				102E1B6C21CA473B00D6C25B /* Images.xcassets in Resources */,
				3D47BC99211924760093147F /* Assets.xcassets in Resources */,
				3D47BC97211924750093147F /* Main.storyboard in Resources */,
			);
			runOnlyForDeploymentPostprocessing = 0;
		};
		3D47BCA0211924760093147F /* Resources */ = {
			isa = PBXResourcesBuildPhase;
			buildActionMask = 2147483647;
			files = (
			);
			runOnlyForDeploymentPostprocessing = 0;
		};
		3D47BCAB211924760093147F /* Resources */ = {
			isa = PBXResourcesBuildPhase;
			buildActionMask = 2147483647;
			files = (
			);
			runOnlyForDeploymentPostprocessing = 0;
		};
/* End PBXResourcesBuildPhase section */

/* Begin PBXShellScriptBuildPhase section */
		405DA0D33841777062D6140B /* [CP] Check Pods Manifest.lock */ = {
			isa = PBXShellScriptBuildPhase;
			buildActionMask = 2147483647;
			files = (
			);
			inputPaths = (
				"${PODS_PODFILE_DIR_PATH}/Podfile.lock",
				"${PODS_ROOT}/Manifest.lock",
			);
			name = "[CP] Check Pods Manifest.lock";
			outputPaths = (
				"$(DERIVED_FILE_DIR)/Pods-PageDemo-PageDemo-checkManifestLockResult.txt",
			);
			runOnlyForDeploymentPostprocessing = 0;
			shellPath = /bin/sh;
			shellScript = "diff \"${PODS_PODFILE_DIR_PATH}/Podfile.lock\" \"${PODS_ROOT}/Manifest.lock\" > /dev/null\nif [ $? != 0 ] ; then\n    # print error to STDERR\n    echo \"error: The sandbox is not in sync with the Podfile.lock. Run 'pod install' or update your CocoaPods installation.\" >&2\n    exit 1\nfi\n# This output is used by Xcode 'outputs' to avoid re-running this script phase.\necho \"SUCCESS\" > \"${SCRIPT_OUTPUT_FILE_0}\"\n";
			showEnvVarsInLog = 0;
		};
		61831BB55515B8A84DC490D9 /* [CP] Check Pods Manifest.lock */ = {
			isa = PBXShellScriptBuildPhase;
			buildActionMask = 2147483647;
			files = (
			);
			inputPaths = (
				"${PODS_PODFILE_DIR_PATH}/Podfile.lock",
				"${PODS_ROOT}/Manifest.lock",
			);
			name = "[CP] Check Pods Manifest.lock";
			outputPaths = (
				"$(DERIVED_FILE_DIR)/Pods-PageDemoUITests-checkManifestLockResult.txt",
			);
			runOnlyForDeploymentPostprocessing = 0;
			shellPath = /bin/sh;
			shellScript = "diff \"${PODS_PODFILE_DIR_PATH}/Podfile.lock\" \"${PODS_ROOT}/Manifest.lock\" > /dev/null\nif [ $? != 0 ] ; then\n    # print error to STDERR\n    echo \"error: The sandbox is not in sync with the Podfile.lock. Run 'pod install' or update your CocoaPods installation.\" >&2\n    exit 1\nfi\n# This output is used by Xcode 'outputs' to avoid re-running this script phase.\necho \"SUCCESS\" > \"${SCRIPT_OUTPUT_FILE_0}\"\n";
			showEnvVarsInLog = 0;
		};
		701D30F9D87A3C3F825F1028 /* [CP] Embed Pods Frameworks */ = {
			isa = PBXShellScriptBuildPhase;
			buildActionMask = 2147483647;
			files = (
			);
			inputPaths = (
				"${PODS_ROOT}/Target Support Files/Pods-PageDemo-PageDemo/Pods-PageDemo-PageDemo-frameworks.sh",
				"${BUILT_PRODUCTS_DIR}/Alamofire/Alamofire.framework",
				"${BUILT_PRODUCTS_DIR}/FDFullscreenPopGesture/FDFullscreenPopGesture.framework",
				"${BUILT_PRODUCTS_DIR}/FlexLayout/FlexLayout.framework",
				"${BUILT_PRODUCTS_DIR}/IQKeyboardManagerSwift/IQKeyboardManagerSwift.framework",
				"${BUILT_PRODUCTS_DIR}/Kingfisher/Kingfisher.framework",
				"${BUILT_PRODUCTS_DIR}/MJRefresh/MJRefresh.framework",
				"${BUILT_PRODUCTS_DIR}/RxCocoa/RxCocoa.framework",
				"${BUILT_PRODUCTS_DIR}/RxSwift/RxSwift.framework",
				"${BUILT_PRODUCTS_DIR}/ZFPlayer/ZFPlayer.framework",
			);
			name = "[CP] Embed Pods Frameworks";
			outputPaths = (
				"${TARGET_BUILD_DIR}/${FRAMEWORKS_FOLDER_PATH}/Alamofire.framework",
				"${TARGET_BUILD_DIR}/${FRAMEWORKS_FOLDER_PATH}/FDFullscreenPopGesture.framework",
				"${TARGET_BUILD_DIR}/${FRAMEWORKS_FOLDER_PATH}/FlexLayout.framework",
				"${TARGET_BUILD_DIR}/${FRAMEWORKS_FOLDER_PATH}/IQKeyboardManagerSwift.framework",
				"${TARGET_BUILD_DIR}/${FRAMEWORKS_FOLDER_PATH}/Kingfisher.framework",
				"${TARGET_BUILD_DIR}/${FRAMEWORKS_FOLDER_PATH}/MJRefresh.framework",
				"${TARGET_BUILD_DIR}/${FRAMEWORKS_FOLDER_PATH}/RxCocoa.framework",
				"${TARGET_BUILD_DIR}/${FRAMEWORKS_FOLDER_PATH}/RxSwift.framework",
				"${TARGET_BUILD_DIR}/${FRAMEWORKS_FOLDER_PATH}/ZFPlayer.framework",
			);
			runOnlyForDeploymentPostprocessing = 0;
			shellPath = /bin/sh;
			shellScript = "\"${PODS_ROOT}/Target Support Files/Pods-PageDemo-PageDemo/Pods-PageDemo-PageDemo-frameworks.sh\"\n";
			showEnvVarsInLog = 0;
		};
		FB0DC61CCBD3BA970B43DC5D /* [CP] Check Pods Manifest.lock */ = {
			isa = PBXShellScriptBuildPhase;
			buildActionMask = 2147483647;
			files = (
			);
			inputPaths = (
				"${PODS_PODFILE_DIR_PATH}/Podfile.lock",
				"${PODS_ROOT}/Manifest.lock",
			);
			name = "[CP] Check Pods Manifest.lock";
			outputPaths = (
				"$(DERIVED_FILE_DIR)/Pods-PageDemoTests-checkManifestLockResult.txt",
			);
			runOnlyForDeploymentPostprocessing = 0;
			shellPath = /bin/sh;
			shellScript = "diff \"${PODS_PODFILE_DIR_PATH}/Podfile.lock\" \"${PODS_ROOT}/Manifest.lock\" > /dev/null\nif [ $? != 0 ] ; then\n    # print error to STDERR\n    echo \"error: The sandbox is not in sync with the Podfile.lock. Run 'pod install' or update your CocoaPods installation.\" >&2\n    exit 1\nfi\n# This output is used by Xcode 'outputs' to avoid re-running this script phase.\necho \"SUCCESS\" > \"${SCRIPT_OUTPUT_FILE_0}\"\n";
			showEnvVarsInLog = 0;
		};
/* End PBXShellScriptBuildPhase section */

/* Begin PBXSourcesBuildPhase section */
		3D47BC8A211924750093147F /* Sources */ = {
			isa = PBXSourcesBuildPhase;
			buildActionMask = 2147483647;
			files = (
				1076459921C8D9910014DD1F /* MatchingListCellTableViewCell.swift in Sources */,
				10825E2521DCB70A00AD507D /* AudioView.swift in Sources */,
				10825E2321DCA52500AD507D /* MessageTableViewCell.swift in Sources */,
				10611D3721D1D9230042070D /* VideoTopToolView.swift in Sources */,
				107B631F21C356AD0059DE64 /* PublicConstant.swift in Sources */,
				103E86E4214B4B1600337825 /* BannerViewController.swift in Sources */,
				1076459721C8D8500014DD1F /* MatchingListController.swift in Sources */,
				10B73DD621C73C3B00BE8023 /* UppercaseViewController.swift in Sources */,
				1070F29921E4A21B00FF2821 /* ShortTimeView.swift in Sources */,
				10611D3C21D223FE0042070D /* ToolController.swift in Sources */,
				3D47BCC1211924D10093147F /* PageLayer.swift in Sources */,
				3D47BC94211924750093147F /* PageViewController.swift in Sources */,
				10763FD721D36655002913D3 /* ReplayVideoToolView.swift in Sources */,
				10825E1B21DC637E00AD507D /* RemoveAwayView.swift in Sources */,
				10825E1921DC634000AD507D /* LongPressView.swift in Sources */,
				107B631D21C355540059DE64 /* GradientColorViewController.swift in Sources */,
				10611D3921D1D93A0042070D /* VideoBottomToolView.swift in Sources */,
				103E86E2214B4B0100337825 /* Banner.swift in Sources */,
				104154BB214A6D0F00FD793B /* ContentView.swift in Sources */,
				1076459421C8880B0014DD1F /* CacheDataListController.swift in Sources */,
				10149C0021DDDD5A00E7B695 /* AudioModel.swift in Sources */,
				1076459C21C8DB5F0014DD1F /* PhoneNumber.swift in Sources */,
				10825E1521DC50EE00AD507D /* TakeAudioControllerViewController.swift in Sources */,
				104154B6214A6A5300FD793B /* Color.swift in Sources */,
				10952EA72244E0AA008879A5 /* ZFPlayerController.swift in Sources */,
				10825E2121DCA50300AD507D /* MessageTableViewController.swift in Sources */,
				10B73DD921C7478400BE8023 /* UppercaseKit.swift in Sources */,
				106F9C45213CCA7900BADE5F /* PageControl.swift in Sources */,
				3D47BC92211924750093147F /* AppDelegate.swift in Sources */,
				10611D3521D1D5930042070D /* TakeAppVideoController.swift in Sources */,
				104154B0214A66E500FD793B /* AppDelegate+WindowsViewController.swift in Sources */,
				104154B4214A677400FD793B /* HomeViewController.swift in Sources */,
				10A5D9A421D0E8FB00D8237B /* TakeVedioTypeViewController.swift in Sources */,
			);
			runOnlyForDeploymentPostprocessing = 0;
		};
		3D47BC9E211924760093147F /* Sources */ = {
			isa = PBXSourcesBuildPhase;
			buildActionMask = 2147483647;
			files = (
				3D47BCA7211924760093147F /* PageDemoTests.swift in Sources */,
			);
			runOnlyForDeploymentPostprocessing = 0;
		};
		3D47BCA9211924760093147F /* Sources */ = {
			isa = PBXSourcesBuildPhase;
			buildActionMask = 2147483647;
			files = (
				3D47BCB2211924760093147F /* PageDemoUITests.swift in Sources */,
			);
			runOnlyForDeploymentPostprocessing = 0;
		};
/* End PBXSourcesBuildPhase section */

/* Begin PBXTargetDependency section */
		3D47BCA4211924760093147F /* PBXTargetDependency */ = {
			isa = PBXTargetDependency;
			target = 3D47BC8D211924750093147F /* PageDemo */;
			targetProxy = 3D47BCA3211924760093147F /* PBXContainerItemProxy */;
		};
		3D47BCAF211924760093147F /* PBXTargetDependency */ = {
			isa = PBXTargetDependency;
			target = 3D47BC8D211924750093147F /* PageDemo */;
			targetProxy = 3D47BCAE211924760093147F /* PBXContainerItemProxy */;
		};
/* End PBXTargetDependency section */

/* Begin PBXVariantGroup section */
		3D47BC95211924750093147F /* Main.storyboard */ = {
			isa = PBXVariantGroup;
			children = (
				3D47BC96211924750093147F /* Base */,
			);
			name = Main.storyboard;
			sourceTree = "<group>";
		};
		3D47BC9A211924760093147F /* LaunchScreen.storyboard */ = {
			isa = PBXVariantGroup;
			children = (
				3D47BC9B211924760093147F /* Base */,
			);
			name = LaunchScreen.storyboard;
			sourceTree = "<group>";
		};
/* End PBXVariantGroup section */

/* Begin XCBuildConfiguration section */
		3D47BCB4211924760093147F /* Debug */ = {
			isa = XCBuildConfiguration;
			buildSettings = {
				ALWAYS_SEARCH_USER_PATHS = NO;
				CLANG_ANALYZER_NONNULL = YES;
				CLANG_ANALYZER_NUMBER_OBJECT_CONVERSION = YES_AGGRESSIVE;
				CLANG_CXX_LANGUAGE_STANDARD = "gnu++14";
				CLANG_CXX_LIBRARY = "libc++";
				CLANG_ENABLE_MODULES = YES;
				CLANG_ENABLE_OBJC_ARC = YES;
				CLANG_ENABLE_OBJC_WEAK = YES;
				CLANG_WARN_BLOCK_CAPTURE_AUTORELEASING = YES;
				CLANG_WARN_BOOL_CONVERSION = YES;
				CLANG_WARN_COMMA = YES;
				CLANG_WARN_CONSTANT_CONVERSION = YES;
				CLANG_WARN_DEPRECATED_OBJC_IMPLEMENTATIONS = YES;
				CLANG_WARN_DIRECT_OBJC_ISA_USAGE = YES_ERROR;
				CLANG_WARN_DOCUMENTATION_COMMENTS = YES;
				CLANG_WARN_EMPTY_BODY = YES;
				CLANG_WARN_ENUM_CONVERSION = YES;
				CLANG_WARN_INFINITE_RECURSION = YES;
				CLANG_WARN_INT_CONVERSION = YES;
				CLANG_WARN_NON_LITERAL_NULL_CONVERSION = YES;
				CLANG_WARN_OBJC_IMPLICIT_RETAIN_SELF = YES;
				CLANG_WARN_OBJC_LITERAL_CONVERSION = YES;
				CLANG_WARN_OBJC_ROOT_CLASS = YES_ERROR;
				CLANG_WARN_RANGE_LOOP_ANALYSIS = YES;
				CLANG_WARN_STRICT_PROTOTYPES = YES;
				CLANG_WARN_SUSPICIOUS_MOVE = YES;
				CLANG_WARN_UNGUARDED_AVAILABILITY = YES_AGGRESSIVE;
				CLANG_WARN_UNREACHABLE_CODE = YES;
				CLANG_WARN__DUPLICATE_METHOD_MATCH = YES;
				CODE_SIGN_IDENTITY = "iPhone Developer";
				COPY_PHASE_STRIP = NO;
				DEBUG_INFORMATION_FORMAT = dwarf;
				ENABLE_STRICT_OBJC_MSGSEND = YES;
				ENABLE_TESTABILITY = YES;
				GCC_C_LANGUAGE_STANDARD = gnu11;
				GCC_DYNAMIC_NO_PIC = NO;
				GCC_NO_COMMON_BLOCKS = YES;
				GCC_OPTIMIZATION_LEVEL = 0;
				GCC_PREPROCESSOR_DEFINITIONS = (
					"DEBUG=1",
					"$(inherited)",
				);
				GCC_WARN_64_TO_32_BIT_CONVERSION = YES;
				GCC_WARN_ABOUT_RETURN_TYPE = YES_ERROR;
				GCC_WARN_UNDECLARED_SELECTOR = YES;
				GCC_WARN_UNINITIALIZED_AUTOS = YES_AGGRESSIVE;
				GCC_WARN_UNUSED_FUNCTION = YES;
				GCC_WARN_UNUSED_VARIABLE = YES;
				IPHONEOS_DEPLOYMENT_TARGET = 11.0;
				MTL_ENABLE_DEBUG_INFO = YES;
				ONLY_ACTIVE_ARCH = YES;
				SDKROOT = iphoneos;
				SWIFT_ACTIVE_COMPILATION_CONDITIONS = DEBUG;
				SWIFT_OPTIMIZATION_LEVEL = "-Onone";
			};
			name = Debug;
		};
		3D47BCB5211924760093147F /* Release */ = {
			isa = XCBuildConfiguration;
			buildSettings = {
				ALWAYS_SEARCH_USER_PATHS = NO;
				CLANG_ANALYZER_NONNULL = YES;
				CLANG_ANALYZER_NUMBER_OBJECT_CONVERSION = YES_AGGRESSIVE;
				CLANG_CXX_LANGUAGE_STANDARD = "gnu++14";
				CLANG_CXX_LIBRARY = "libc++";
				CLANG_ENABLE_MODULES = YES;
				CLANG_ENABLE_OBJC_ARC = YES;
				CLANG_ENABLE_OBJC_WEAK = YES;
				CLANG_WARN_BLOCK_CAPTURE_AUTORELEASING = YES;
				CLANG_WARN_BOOL_CONVERSION = YES;
				CLANG_WARN_COMMA = YES;
				CLANG_WARN_CONSTANT_CONVERSION = YES;
				CLANG_WARN_DEPRECATED_OBJC_IMPLEMENTATIONS = YES;
				CLANG_WARN_DIRECT_OBJC_ISA_USAGE = YES_ERROR;
				CLANG_WARN_DOCUMENTATION_COMMENTS = YES;
				CLANG_WARN_EMPTY_BODY = YES;
				CLANG_WARN_ENUM_CONVERSION = YES;
				CLANG_WARN_INFINITE_RECURSION = YES;
				CLANG_WARN_INT_CONVERSION = YES;
				CLANG_WARN_NON_LITERAL_NULL_CONVERSION = YES;
				CLANG_WARN_OBJC_IMPLICIT_RETAIN_SELF = YES;
				CLANG_WARN_OBJC_LITERAL_CONVERSION = YES;
				CLANG_WARN_OBJC_ROOT_CLASS = YES_ERROR;
				CLANG_WARN_RANGE_LOOP_ANALYSIS = YES;
				CLANG_WARN_STRICT_PROTOTYPES = YES;
				CLANG_WARN_SUSPICIOUS_MOVE = YES;
				CLANG_WARN_UNGUARDED_AVAILABILITY = YES_AGGRESSIVE;
				CLANG_WARN_UNREACHABLE_CODE = YES;
				CLANG_WARN__DUPLICATE_METHOD_MATCH = YES;
				CODE_SIGN_IDENTITY = "iPhone Developer";
				COPY_PHASE_STRIP = NO;
				DEBUG_INFORMATION_FORMAT = "dwarf-with-dsym";
				ENABLE_NS_ASSERTIONS = NO;
				ENABLE_STRICT_OBJC_MSGSEND = YES;
				GCC_C_LANGUAGE_STANDARD = gnu11;
				GCC_NO_COMMON_BLOCKS = YES;
				GCC_WARN_64_TO_32_BIT_CONVERSION = YES;
				GCC_WARN_ABOUT_RETURN_TYPE = YES_ERROR;
				GCC_WARN_UNDECLARED_SELECTOR = YES;
				GCC_WARN_UNINITIALIZED_AUTOS = YES_AGGRESSIVE;
				GCC_WARN_UNUSED_FUNCTION = YES;
				GCC_WARN_UNUSED_VARIABLE = YES;
				IPHONEOS_DEPLOYMENT_TARGET = 11.0;
				MTL_ENABLE_DEBUG_INFO = NO;
				SDKROOT = iphoneos;
				SWIFT_COMPILATION_MODE = wholemodule;
				SWIFT_OPTIMIZATION_LEVEL = "-O";
				VALIDATE_PRODUCT = YES;
			};
			name = Release;
		};
		3D47BCB7211924760093147F /* Debug */ = {
			isa = XCBuildConfiguration;
			baseConfigurationReference = 4B8C92FA28154202453D9657 /* Pods-PageDemo-PageDemo.debug.xcconfig */;
			buildSettings = {
				ASSETCATALOG_COMPILER_APPICON_NAME = AppIcon;
				ASSETCATALOG_COMPILER_LAUNCHIMAGE_NAME = LaunchImage;
				CODE_SIGN_STYLE = Automatic;
				DEVELOPMENT_TEAM = MG2ZSL4NR6;
				INFOPLIST_FILE = PageDemo/Info.plist;
				LD_RUNPATH_SEARCH_PATHS = (
					"$(inherited)",
					"@executable_path/Frameworks",
				);
				PRODUCT_BUNDLE_IDENTIFIER = "Janise-Wu.PageDemo";
				PRODUCT_NAME = "$(TARGET_NAME)";
				SWIFT_VERSION = 4.0;
				TARGETED_DEVICE_FAMILY = "1,2";
			};
			name = Debug;
		};
		3D47BCB8211924760093147F /* Release */ = {
			isa = XCBuildConfiguration;
			baseConfigurationReference = A5698B753CF97AE2D357A80F /* Pods-PageDemo-PageDemo.release.xcconfig */;
			buildSettings = {
				ASSETCATALOG_COMPILER_APPICON_NAME = AppIcon;
				ASSETCATALOG_COMPILER_LAUNCHIMAGE_NAME = LaunchImage;
				CODE_SIGN_STYLE = Automatic;
				DEVELOPMENT_TEAM = MG2ZSL4NR6;
				INFOPLIST_FILE = PageDemo/Info.plist;
				LD_RUNPATH_SEARCH_PATHS = (
					"$(inherited)",
					"@executable_path/Frameworks",
				);
				PRODUCT_BUNDLE_IDENTIFIER = "Janise-Wu.PageDemo";
				PRODUCT_NAME = "$(TARGET_NAME)";
				SWIFT_VERSION = 4.0;
				TARGETED_DEVICE_FAMILY = "1,2";
			};
			name = Release;
		};
		3D47BCBA211924760093147F /* Debug */ = {
			isa = XCBuildConfiguration;
			baseConfigurationReference = 55720CE0E8B0D91B4C0E1ABB /* Pods-PageDemoTests.debug.xcconfig */;
			buildSettings = {
				ALWAYS_EMBED_SWIFT_STANDARD_LIBRARIES = YES;
				BUNDLE_LOADER = "$(TEST_HOST)";
				CODE_SIGN_STYLE = Automatic;
				INFOPLIST_FILE = PageDemoTests/Info.plist;
				LD_RUNPATH_SEARCH_PATHS = (
					"$(inherited)",
					"@executable_path/Frameworks",
					"@loader_path/Frameworks",
				);
				PRODUCT_BUNDLE_IDENTIFIER = "Janise-Wu.PageDemoTests";
				PRODUCT_NAME = "$(TARGET_NAME)";
				SWIFT_VERSION = 4.0;
				TARGETED_DEVICE_FAMILY = "1,2";
				TEST_HOST = "$(BUILT_PRODUCTS_DIR)/PageDemo.app/PageDemo";
			};
			name = Debug;
		};
		3D47BCBB211924760093147F /* Release */ = {
			isa = XCBuildConfiguration;
			baseConfigurationReference = 8DCD43F765A721D700EB1961 /* Pods-PageDemoTests.release.xcconfig */;
			buildSettings = {
				ALWAYS_EMBED_SWIFT_STANDARD_LIBRARIES = YES;
				BUNDLE_LOADER = "$(TEST_HOST)";
				CODE_SIGN_STYLE = Automatic;
				INFOPLIST_FILE = PageDemoTests/Info.plist;
				LD_RUNPATH_SEARCH_PATHS = (
					"$(inherited)",
					"@executable_path/Frameworks",
					"@loader_path/Frameworks",
				);
				PRODUCT_BUNDLE_IDENTIFIER = "Janise-Wu.PageDemoTests";
				PRODUCT_NAME = "$(TARGET_NAME)";
				SWIFT_VERSION = 4.0;
				TARGETED_DEVICE_FAMILY = "1,2";
				TEST_HOST = "$(BUILT_PRODUCTS_DIR)/PageDemo.app/PageDemo";
			};
			name = Release;
		};
		3D47BCBD211924760093147F /* Debug */ = {
			isa = XCBuildConfiguration;
			baseConfigurationReference = FBA75C4D58834A4FCED80D0C /* Pods-PageDemoUITests.debug.xcconfig */;
			buildSettings = {
				ALWAYS_EMBED_SWIFT_STANDARD_LIBRARIES = YES;
				CODE_SIGN_STYLE = Automatic;
				INFOPLIST_FILE = PageDemoUITests/Info.plist;
				LD_RUNPATH_SEARCH_PATHS = (
					"$(inherited)",
					"@executable_path/Frameworks",
					"@loader_path/Frameworks",
				);
				PRODUCT_BUNDLE_IDENTIFIER = "Janise-Wu.PageDemoUITests";
				PRODUCT_NAME = "$(TARGET_NAME)";
				SWIFT_VERSION = 4.0;
				TARGETED_DEVICE_FAMILY = "1,2";
				TEST_TARGET_NAME = PageDemo;
			};
			name = Debug;
		};
		3D47BCBE211924760093147F /* Release */ = {
			isa = XCBuildConfiguration;
			baseConfigurationReference = 0366CF6855167E9A8A759570 /* Pods-PageDemoUITests.release.xcconfig */;
			buildSettings = {
				ALWAYS_EMBED_SWIFT_STANDARD_LIBRARIES = YES;
				CODE_SIGN_STYLE = Automatic;
				INFOPLIST_FILE = PageDemoUITests/Info.plist;
				LD_RUNPATH_SEARCH_PATHS = (
					"$(inherited)",
					"@executable_path/Frameworks",
					"@loader_path/Frameworks",
				);
				PRODUCT_BUNDLE_IDENTIFIER = "Janise-Wu.PageDemoUITests";
				PRODUCT_NAME = "$(TARGET_NAME)";
				SWIFT_VERSION = 4.0;
				TARGETED_DEVICE_FAMILY = "1,2";
				TEST_TARGET_NAME = PageDemo;
			};
			name = Release;
		};
/* End XCBuildConfiguration section */

/* Begin XCConfigurationList section */
		3D47BC89211924750093147F /* Build configuration list for PBXProject "PageDemo" */ = {
			isa = XCConfigurationList;
			buildConfigurations = (
				3D47BCB4211924760093147F /* Debug */,
				3D47BCB5211924760093147F /* Release */,
			);
			defaultConfigurationIsVisible = 0;
			defaultConfigurationName = Release;
		};
		3D47BCB6211924760093147F /* Build configuration list for PBXNativeTarget "PageDemo" */ = {
			isa = XCConfigurationList;
			buildConfigurations = (
				3D47BCB7211924760093147F /* Debug */,
				3D47BCB8211924760093147F /* Release */,
			);
			defaultConfigurationIsVisible = 0;
			defaultConfigurationName = Release;
		};
		3D47BCB9211924760093147F /* Build configuration list for PBXNativeTarget "PageDemoTests" */ = {
			isa = XCConfigurationList;
			buildConfigurations = (
				3D47BCBA211924760093147F /* Debug */,
				3D47BCBB211924760093147F /* Release */,
			);
			defaultConfigurationIsVisible = 0;
			defaultConfigurationName = Release;
		};
		3D47BCBC211924760093147F /* Build configuration list for PBXNativeTarget "PageDemoUITests" */ = {
			isa = XCConfigurationList;
			buildConfigurations = (
				3D47BCBD211924760093147F /* Debug */,
				3D47BCBE211924760093147F /* Release */,
			);
			defaultConfigurationIsVisible = 0;
			defaultConfigurationName = Release;
		};
/* End XCConfigurationList section */
	};
	rootObject = 3D47BC86211924750093147F /* Project object */;
}
